
Microsoft Visual Studio Solution File, Format Version 12.00
# Visual Studio Version 16
VisualStudioVersion = 16.0.31025.194
MinimumVisualStudioVersion = 10.0.40219.1
Project("{9A19103F-16F7-4668-BE54-9A1E7A4F7556}") = "Todo.API", "Todo.API\Todo.API.csproj", "{A55400F6-367D-4AFB-BE53-9C982261A21D}"
EndProject
Project("{9A19103F-16F7-4668-BE54-9A1E7A4F7556}") = "Todo.BLL", "Todo.BLL\Todo.BLL.csproj", "{360B677E-B328-4E7B-B847-4CEFE2DEC471}"
EndProject
Project("{9A19103F-16F7-4668-BE54-9A1E7A4F7556}") = "Todo.DAL", "Todo.Data\Todo.DAL.csproj", "{4D78F8E7-9CDC-40B9-BA9D-D773B2A84865}"
EndProject
Project("{9A19103F-16F7-4668-BE54-9A1E7A4F7556}") = "Todo.Test", "Todo.Test\Todo.Test.csproj", "{FE644F57-37FF-4304-9D7B-ADE0B7DC22C5}"
EndProject
Global
	GlobalSection(SolutionConfigurationPlatforms) = preSolution
		Debug|Any CPU = Debug|Any CPU
		Release|Any CPU = Release|Any CPU
	EndGlobalSection
	GlobalSection(ProjectConfigurationPlatforms) = postSolution
		{A55400F6-367D-4AFB-BE53-9C982261A21D}.Debug|Any CPU.ActiveCfg = Debug|Any CPU
		{A55400F6-367D-4AFB-BE53-9C982261A21D}.Debug|Any CPU.Build.0 = Debug|Any CPU
		{A55400F6-367D-4AFB-BE53-9C982261A21D}.Release|Any CPU.ActiveCfg = Release|Any CPU
		{A55400F6-367D-4AFB-BE53-9C982261A21D}.Release|Any CPU.Build.0 = Release|Any CPU
		{360B677E-B328-4E7B-B847-4CEFE2DEC471}.Debug|Any CPU.ActiveCfg = Debug|Any CPU
		{360B677E-B328-4E7B-B847-4CEFE2DEC471}.Debug|Any CPU.Build.0 = Debug|Any CPU
		{360B677E-B328-4E7B-B847-4CEFE2DEC471}.Release|Any CPU.ActiveCfg = Release|Any CPU
		{360B677E-B328-4E7B-B847-4CEFE2DEC471}.Release|Any CPU.Build.0 = Release|Any CPU
		{4D78F8E7-9CDC-40B9-BA9D-D773B2A84865}.Debug|Any CPU.ActiveCfg = Debug|Any CPU
		{4D78F8E7-9CDC-40B9-BA9D-D773B2A84865}.Debug|Any CPU.Build.0 = Debug|Any CPU
		{4D78F8E7-9CDC-40B9-BA9D-D773B2A84865}.Release|Any CPU.ActiveCfg = Release|Any CPU
		{4D78F8E7-9CDC-40B9-BA9D-D773B2A84865}.Release|Any CPU.Build.0 = Release|Any CPU
		{FE644F57-37FF-4304-9D7B-ADE0B7DC22C5}.Debug|Any CPU.ActiveCfg = Debug|Any CPU
		{FE644F57-37FF-4304-9D7B-ADE0B7DC22C5}.Debug|Any CPU.Build.0 = Debug|Any CPU
		{FE644F57-37FF-4304-9D7B-ADE0B7DC22C5}.Release|Any CPU.ActiveCfg = Release|Any CPU
		{FE644F57-37FF-4304-9D7B-ADE0B7DC22C5}.Release|Any CPU.Build.0 = Release|Any CPU
	EndGlobalSection
	GlobalSection(SolutionProperties) = preSolution
		HideSolutionNode = FALSE
	EndGlobalSection
	GlobalSection(ExtensibilityGlobals) = postSolution
		SolutionGuid = {E6BA2808-209D-481E-A79D-827DA0172D62}
	EndGlobalSection
EndGlobal
